
Microsoft Visual Studio Solution File, Format Version 12.00
# Visual Studio 2012
Project("{FAE04EC0-301F-11D3-BF4B-00C04F79EFBC}") = "POCEFDDD.Client", "POCEFDDD\POCEFDDD.Client.csproj", "{72F51746-7408-4B12-89C9-1C80F887E73B}"
EndProject
Project("{FAE04EC0-301F-11D3-BF4B-00C04F79EFBC}") = "POCEFDDD.Domain", "POCEFDDD.Domain\POCEFDDD.Domain.csproj", "{0590C9D6-0F2B-465A-BD5C-22B658527D0F}"
EndProject
Project("{FAE04EC0-301F-11D3-BF4B-00C04F79EFBC}") = "POCEFDDD.Repository", "POCEFDDD.Repository\POCEFDDD.Repository.csproj", "{CDC0A1A0-A38D-48D4-AEE3-FE2551A4B5A1}"
EndProject
Project("{FAE04EC0-301F-11D3-BF4B-00C04F79EFBC}") = "POCEFDDD.Application", "POCEFDDD.Application\POCEFDDD.Application.csproj", "{EB37C990-CC89-4935-9703-7BB1BC6FE7B0}"
EndProject
Project("{2150E333-8FDC-42A3-9474-1A3956D46DE8}") = "1 - Client", "1 - Client", "{3C8D8EEA-5F71-478D-B2AF-D02B0A6432B9}"
EndProject
Project("{2150E333-8FDC-42A3-9474-1A3956D46DE8}") = "2-Application", "2-Application", "{0E738C09-F78A-4634-A860-AF2EBE305DBE}"
EndProject
Project("{2150E333-8FDC-42A3-9474-1A3956D46DE8}") = "3-Domain", "3-Domain", "{9EB7AA44-BA23-45CC-9DC3-9203FDD2D280}"
EndProject
Project("{2150E333-8FDC-42A3-9474-1A3956D46DE8}") = "4-Infra", "4-Infra", "{2770F9D6-CF89-40A6-9765-75BD50EADD59}"
EndProject
Project("{FAE04EC0-301F-11D3-BF4B-00C04F79EFBC}") = "POCEFDDD.Infra", "POCEFDDD.Infra\POCEFDDD.Infra.csproj", "{D702120A-2D86-4875-81A7-702C7EDE4B31}"
EndProject
Global
	GlobalSection(SolutionConfigurationPlatforms) = preSolution
		Debug|Any CPU = Debug|Any CPU
		Release|Any CPU = Release|Any CPU
	EndGlobalSection
	GlobalSection(ProjectConfigurationPlatforms) = postSolution
		{72F51746-7408-4B12-89C9-1C80F887E73B}.Debug|Any CPU.ActiveCfg = Debug|Any CPU
		{72F51746-7408-4B12-89C9-1C80F887E73B}.Debug|Any CPU.Build.0 = Debug|Any CPU
		{72F51746-7408-4B12-89C9-1C80F887E73B}.Release|Any CPU.ActiveCfg = Release|Any CPU
		{72F51746-7408-4B12-89C9-1C80F887E73B}.Release|Any CPU.Build.0 = Release|Any CPU
		{0590C9D6-0F2B-465A-BD5C-22B658527D0F}.Debug|Any CPU.ActiveCfg = Debug|Any CPU
		{0590C9D6-0F2B-465A-BD5C-22B658527D0F}.Debug|Any CPU.Build.0 = Debug|Any CPU
		{0590C9D6-0F2B-465A-BD5C-22B658527D0F}.Release|Any CPU.ActiveCfg = Release|Any CPU
		{0590C9D6-0F2B-465A-BD5C-22B658527D0F}.Release|Any CPU.Build.0 = Release|Any CPU
		{CDC0A1A0-A38D-48D4-AEE3-FE2551A4B5A1}.Debug|Any CPU.ActiveCfg = Debug|Any CPU
		{CDC0A1A0-A38D-48D4-AEE3-FE2551A4B5A1}.Debug|Any CPU.Build.0 = Debug|Any CPU
		{CDC0A1A0-A38D-48D4-AEE3-FE2551A4B5A1}.Release|Any CPU.ActiveCfg = Release|Any CPU
		{CDC0A1A0-A38D-48D4-AEE3-FE2551A4B5A1}.Release|Any CPU.Build.0 = Release|Any CPU
		{EB37C990-CC89-4935-9703-7BB1BC6FE7B0}.Debug|Any CPU.ActiveCfg = Debug|Any CPU
		{EB37C990-CC89-4935-9703-7BB1BC6FE7B0}.Debug|Any CPU.Build.0 = Debug|Any CPU
		{EB37C990-CC89-4935-9703-7BB1BC6FE7B0}.Release|Any CPU.ActiveCfg = Release|Any CPU
		{EB37C990-CC89-4935-9703-7BB1BC6FE7B0}.Release|Any CPU.Build.0 = Release|Any CPU
		{D702120A-2D86-4875-81A7-702C7EDE4B31}.Debug|Any CPU.ActiveCfg = Debug|Any CPU
		{D702120A-2D86-4875-81A7-702C7EDE4B31}.Debug|Any CPU.Build.0 = Debug|Any CPU
		{D702120A-2D86-4875-81A7-702C7EDE4B31}.Release|Any CPU.ActiveCfg = Release|Any CPU
		{D702120A-2D86-4875-81A7-702C7EDE4B31}.Release|Any CPU.Build.0 = Release|Any CPU
	EndGlobalSection
	GlobalSection(SolutionProperties) = preSolution
		HideSolutionNode = FALSE
	EndGlobalSection
	GlobalSection(NestedProjects) = preSolution
		{72F51746-7408-4B12-89C9-1C80F887E73B} = {3C8D8EEA-5F71-478D-B2AF-D02B0A6432B9}
		{0590C9D6-0F2B-465A-BD5C-22B658527D0F} = {9EB7AA44-BA23-45CC-9DC3-9203FDD2D280}
		{EB37C990-CC89-4935-9703-7BB1BC6FE7B0} = {0E738C09-F78A-4634-A860-AF2EBE305DBE}
		{D702120A-2D86-4875-81A7-702C7EDE4B31} = {2770F9D6-CF89-40A6-9765-75BD50EADD59}
		{CDC0A1A0-A38D-48D4-AEE3-FE2551A4B5A1} = {2770F9D6-CF89-40A6-9765-75BD50EADD59}
	EndGlobalSection
EndGlobal
